// !$*UTF8*$!
{
	archiveVersion = 1;
	classes = {
	};
	objectVersion = 55;
	objects = {

/* Begin PBXBuildFile section */
		C714BDC6280D046600DE6566 /* ThoughtsApp.swift in Sources */ = {isa = PBXBuildFile; fileRef = C714BDC5280D046600DE6566 /* ThoughtsApp.swift */; };
		C714BDC8280D046700DE6566 /* ContentView.swift in Sources */ = {isa = PBXBuildFile; fileRef = C714BDC7280D046700DE6566 /* ContentView.swift */; };
		C714BDCA280D046900DE6566 /* Assets.xcassets in Resources */ = {isa = PBXBuildFile; fileRef = C714BDC9280D046900DE6566 /* Assets.xcassets */; };
		C714BDCD280D046900DE6566 /* Preview Assets.xcassets in Resources */ = {isa = PBXBuildFile; fileRef = C714BDCC280D046900DE6566 /* Preview Assets.xcassets */; };
		C714BDD7280D046900DE6566 /* ThoughtsTests.swift in Sources */ = {isa = PBXBuildFile; fileRef = C714BDD6280D046900DE6566 /* ThoughtsTests.swift */; };
		C714BDE1280D046900DE6566 /* ThoughtsUITests.swift in Sources */ = {isa = PBXBuildFile; fileRef = C714BDE0280D046900DE6566 /* ThoughtsUITests.swift */; };
		C714BDE3280D046900DE6566 /* ThoughtsUITestsLaunchTests.swift in Sources */ = {isa = PBXBuildFile; fileRef = C714BDE2280D046900DE6566 /* ThoughtsUITestsLaunchTests.swift */; };
/* End PBXBuildFile section */

/* Begin PBXContainerItemProxy section */
		C714BDD3280D046900DE6566 /* PBXContainerItemProxy */ = {
			isa = PBXContainerItemProxy;
			containerPortal = C714BDBA280D046600DE6566 /* Project object */;
			proxyType = 1;
			remoteGlobalIDString = C714BDC1280D046600DE6566;
			remoteInfo = Thoughts;
		};
		C714BDDD280D046900DE6566 /* PBXContainerItemProxy */ = {
			isa = PBXContainerItemProxy;
			containerPortal = C714BDBA280D046600DE6566 /* Project object */;
			proxyType = 1;
			remoteGlobalIDString = C714BDC1280D046600DE6566;
			remoteInfo = Thoughts;
		};
/* End PBXContainerItemProxy section */

/* Begin PBXFileReference section */
		C714BDC2280D046600DE6566 /* Thoughts.app */ = {isa = PBXFileReference; explicitFileType = wrapper.application; includeInIndex = 0; path = Thoughts.app; sourceTree = BUILT_PRODUCTS_DIR; };
		C714BDC5280D046600DE6566 /* ThoughtsApp.swift */ = {isa = PBXFileReference; lastKnownFileType = sourcecode.swift; path = ThoughtsApp.swift; sourceTree = "<group>"; };
		C714BDC7280D046700DE6566 /* ContentView.swift */ = {isa = PBXFileReference; lastKnownFileType = sourcecode.swift; path = ContentView.swift; sourceTree = "<group>"; };
		C714BDC9280D046900DE6566 /* Assets.xcassets */ = {isa = PBXFileReference; lastKnownFileType = folder.assetcatalog; path = Assets.xcassets; sourceTree = "<group>"; };
		C714BDCC280D046900DE6566 /* Preview Assets.xcassets */ = {isa = PBXFileReference; lastKnownFileType = folder.assetcatalog; path = "Preview Assets.xcassets"; sourceTree = "<group>"; };
		C714BDD2280D046900DE6566 /* ThoughtsTests.xctest */ = {isa = PBXFileReference; explicitFileType = wrapper.cfbundle; includeInIndex = 0; path = ThoughtsTests.xctest; sourceTree = BUILT_PRODUCTS_DIR; };
		C714BDD6280D046900DE6566 /* ThoughtsTests.swift */ = {isa = PBXFileReference; lastKnownFileType = sourcecode.swift; path = ThoughtsTests.swift; sourceTree = "<group>"; };
		C714BDDC280D046900DE6566 /* ThoughtsUITests.xctest */ = {isa = PBXFileReference; explicitFileType = wrapper.cfbundle; includeInIndex = 0; path = ThoughtsUITests.xctest; sourceTree = BUILT_PRODUCTS_DIR; };
		C714BDE0280D046900DE6566 /* ThoughtsUITests.swift */ = {isa = PBXFileReference; lastKnownFileType = sourcecode.swift; path = ThoughtsUITests.swift; sourceTree = "<group>"; };
		C714BDE2280D046900DE6566 /* ThoughtsUITestsLaunchTests.swift */ = {isa = PBXFileReference; lastKnownFileType = sourcecode.swift; path = ThoughtsUITestsLaunchTests.swift; sourceTree = "<group>"; };
/* End PBXFileReference section */

/* Begin PBXFrameworksBuildPhase section */
		C714BDBF280D046600DE6566 /* Frameworks */ = {
			isa = PBXFrameworksBuildPhase;
			buildActionMask = 2147483647;
			files = (
			);
			runOnlyForDeploymentPostprocessing = 0;
		};
		C714BDCF280D046900DE6566 /* Frameworks */ = {
			isa = PBXFrameworksBuildPhase;
			buildActionMask = 2147483647;
			files = (
			);
			runOnlyForDeploymentPostprocessing = 0;
		};
		C714BDD9280D046900DE6566 /* Frameworks */ = {
			isa = PBXFrameworksBuildPhase;
			buildActionMask = 2147483647;
			files = (
			);
			runOnlyForDeploymentPostprocessing = 0;
		};
/* End PBXFrameworksBuildPhase section */

/* Begin PBXGroup section */
		C714BDB9280D046600DE6566 = {
			isa = PBXGroup;
			children = (
				C714BDC4280D046600DE6566 /* Thoughts */,
				C714BDD5280D046900DE6566 /* ThoughtsTests */,
				C714BDDF280D046900DE6566 /* ThoughtsUITests */,
				C714BDC3280D046600DE6566 /* Products */,
			);
			sourceTree = "<group>";
		};
		C714BDC3280D046600DE6566 /* Products */ = {
			isa = PBXGroup;
			children = (
				C714BDC2280D046600DE6566 /* Thoughts.app */,
				C714BDD2280D046900DE6566 /* ThoughtsTests.xctest */,
				C714BDDC280D046900DE6566 /* ThoughtsUITests.xctest */,
			);
			name = Products;
			sourceTree = "<group>";
		};
		C714BDC4280D046600DE6566 /* Thoughts */ = {
			isa = PBXGroup;
			children = (
				C714BDC5280D046600DE6566 /* ThoughtsApp.swift */,
				C714BDC7280D046700DE6566 /* ContentView.swift */,
				C714BDC9280D046900DE6566 /* Assets.xcassets */,
				C714BDCB280D046900DE6566 /* Preview Content */,
			);
			path = Thoughts;
			sourceTree = "<group>";
		};
		C714BDCB280D046900DE6566 /* Preview Content */ = {
			isa = PBXGroup;
			children = (
				C714BDCC280D046900DE6566 /* Preview Assets.xcassets */,
			);
			path = "Preview Content";
			sourceTree = "<group>";
		};
		C714BDD5280D046900DE6566 /* ThoughtsTests */ = {
			isa = PBXGroup;
			children = (
				C714BDD6280D046900DE6566 /* ThoughtsTests.swift */,
			);
			path = ThoughtsTests;
			sourceTree = "<group>";
		};
		C714BDDF280D046900DE6566 /* ThoughtsUITests */ = {
			isa = PBXGroup;
			children = (
				C714BDE0280D046900DE6566 /* ThoughtsUITests.swift */,
				C714BDE2280D046900DE6566 /* ThoughtsUITestsLaunchTests.swift */,
			);
			path = ThoughtsUITests;
			sourceTree = "<group>";
		};
/* End PBXGroup section */

/* Begin PBXNativeTarget section */
		C714BDC1280D046600DE6566 /* Thoughts */ = {
			isa = PBXNativeTarget;
			buildConfigurationList = C714BDE6280D046900DE6566 /* Build configuration list for PBXNativeTarget "Thoughts" */;
			buildPhases = (
				C714BDBE280D046600DE6566 /* Sources */,
				C714BDBF280D046600DE6566 /* Frameworks */,
				C714BDC0280D046600DE6566 /* Resources */,
			);
			buildRules = (
			);
			dependencies = (
			);
			name = Thoughts;
			productName = Thoughts;
			productReference = C714BDC2280D046600DE6566 /* Thoughts.app */;
			productType = "com.apple.product-type.application";
		};
		C714BDD1280D046900DE6566 /* ThoughtsTests */ = {
			isa = PBXNativeTarget;
			buildConfigurationList = C714BDE9280D046900DE6566 /* Build configuration list for PBXNativeTarget "ThoughtsTests" */;
			buildPhases = (
				C714BDCE280D046900DE6566 /* Sources */,
				C714BDCF280D046900DE6566 /* Frameworks */,
				C714BDD0280D046900DE6566 /* Resources */,
			);
			buildRules = (
			);
			dependencies = (
				C714BDD4280D046900DE6566 /* PBXTargetDependency */,
			);
			name = ThoughtsTests;
			productName = ThoughtsTests;
			productReference = C714BDD2280D046900DE6566 /* ThoughtsTests.xctest */;
			productType = "com.apple.product-type.bundle.unit-test";
		};
		C714BDDB280D046900DE6566 /* ThoughtsUITests */ = {
			isa = PBXNativeTarget;
			buildConfigurationList = C714BDEC280D046900DE6566 /* Build configuration list for PBXNativeTarget "ThoughtsUITests" */;
			buildPhases = (
				C714BDD8280D046900DE6566 /* Sources */,
				C714BDD9280D046900DE6566 /* Frameworks */,
				C714BDDA280D046900DE6566 /* Resources */,
			);
			buildRules = (
			);
			dependencies = (
				C714BDDE280D046900DE6566 /* PBXTargetDependency */,
			);
			name = ThoughtsUITests;
			productName = ThoughtsUITests;
			productReference = C714BDDC280D046900DE6566 /* ThoughtsUITests.xctest */;
			productType = "com.apple.product-type.bundle.ui-testing";
		};
/* End PBXNativeTarget section */

/* Begin PBXProject section */
		C714BDBA280D046600DE6566 /* Project object */ = {
			isa = PBXProject;
			attributes = {
				BuildIndependentTargetsInParallel = 1;
				LastSwiftUpdateCheck = 1330;
				LastUpgradeCheck = 1330;
				TargetAttributes = {
					C714BDC1280D046600DE6566 = {
						CreatedOnToolsVersion = 13.3;
					};
					C714BDD1280D046900DE6566 = {
						CreatedOnToolsVersion = 13.3;
						TestTargetID = C714BDC1280D046600DE6566;
					};
					C714BDDB280D046900DE6566 = {
						CreatedOnToolsVersion = 13.3;
						TestTargetID = C714BDC1280D046600DE6566;
					};
				};
			};
			buildConfigurationList = C714BDBD280D046600DE6566 /* Build configuration list for PBXProject "Thoughts" */;
			compatibilityVersion = "Xcode 13.0";
			developmentRegion = en;
			hasScannedForEncodings = 0;
			knownRegions = (
				en,
				Base,
			);
			mainGroup = C714BDB9280D046600DE6566;
			productRefGroup = C714BDC3280D046600DE6566 /* Products */;
			projectDirPath = "";
			projectRoot = "";
			targets = (
				C714BDC1280D046600DE6566 /* Thoughts */,
				C714BDD1280D046900DE6566 /* ThoughtsTests */,
				C714BDDB280D046900DE6566 /* ThoughtsUITests */,
			);
		};
/* End PBXProject section */

/* Begin PBXResourcesBuildPhase section */
		C714BDC0280D046600DE6566 /* Resources */ = {
			isa = PBXResourcesBuildPhase;
			buildActionMask = 2147483647;
			files = (
				C714BDCD280D046900DE6566 /* Preview Assets.xcassets in Resources */,
				C714BDCA280D046900DE6566 /* Assets.xcassets in Resources */,
			);
			runOnlyForDeploymentPostprocessing = 0;
		};
		C714BDD0280D046900DE6566 /* Resources */ = {
			isa = PBXResourcesBuildPhase;
			buildActionMask = 2147483647;
			files = (
			);
			runOnlyForDeploymentPostprocessing = 0;
		};
		C714BDDA280D046900DE6566 /* Resources */ = {
			isa = PBXResourcesBuildPhase;
			buildActionMask = 2147483647;
			files = (
			);
			runOnlyForDeploymentPostprocessing = 0;
		};
/* End PBXResourcesBuildPhase section */

/* Begin PBXSourcesBuildPhase section */
		C714BDBE280D046600DE6566 /* Sources */ = {
			isa = PBXSourcesBuildPhase;
			buildActionMask = 2147483647;
			files = (
				C714BDC8280D046700DE6566 /* ContentView.swift in Sources */,
				C714BDC6280D046600DE6566 /* ThoughtsApp.swift in Sources */,
			);
			runOnlyForDeploymentPostprocessing = 0;
		};
		C714BDCE280D046900DE6566 /* Sources */ = {
			isa = PBXSourcesBuildPhase;
			buildActionMask = 2147483647;
			files = (
				C714BDD7280D046900DE6566 /* ThoughtsTests.swift in Sources */,
			);
			runOnlyForDeploymentPostprocessing = 0;
		};
		C714BDD8280D046900DE6566 /* Sources */ = {
			isa = PBXSourcesBuildPhase;
			buildActionMask = 2147483647;
			files = (
				C714BDE3280D046900DE6566 /* ThoughtsUITestsLaunchTests.swift in Sources */,
				C714BDE1280D046900DE6566 /* ThoughtsUITests.swift in Sources */,
			);
			runOnlyForDeploymentPostprocessing = 0;
		};
/* End PBXSourcesBuildPhase section */

/* Begin PBXTargetDependency section */
		C714BDD4280D046900DE6566 /* PBXTargetDependency */ = {
			isa = PBXTargetDependency;
			target = C714BDC1280D046600DE6566 /* Thoughts */;
			targetProxy = C714BDD3280D046900DE6566 /* PBXContainerItemProxy */;
		};
		C714BDDE280D046900DE6566 /* PBXTargetDependency */ = {
			isa = PBXTargetDependency;
			target = C714BDC1280D046600DE6566 /* Thoughts */;
			targetProxy = C714BDDD280D046900DE6566 /* PBXContainerItemProxy */;
		};
/* End PBXTargetDependency section */

/* Begin XCBuildConfiguration section */
		C714BDE4280D046900DE6566 /* Debug */ = {
			isa = XCBuildConfiguration;
			buildSettings = {
				ALWAYS_SEARCH_USER_PATHS = NO;
				CLANG_ANALYZER_NONNULL = YES;
				CLANG_ANALYZER_NUMBER_OBJECT_CONVERSION = YES_AGGRESSIVE;
				CLANG_CXX_LANGUAGE_STANDARD = "gnu++17";
				CLANG_ENABLE_MODULES = YES;
				CLANG_ENABLE_OBJC_ARC = YES;
				CLANG_ENABLE_OBJC_WEAK = YES;
				CLANG_WARN_BLOCK_CAPTURE_AUTORELEASING = YES;
				CLANG_WARN_BOOL_CONVERSION = YES;
				CLANG_WARN_COMMA = YES;
				CLANG_WARN_CONSTANT_CONVERSION = YES;
				CLANG_WARN_DEPRECATED_OBJC_IMPLEMENTATIONS = YES;
				CLANG_WARN_DIRECT_OBJC_ISA_USAGE = YES_ERROR;
				CLANG_WARN_DOCUMENTATION_COMMENTS = YES;
				CLANG_WARN_EMPTY_BODY = YES;
				CLANG_WARN_ENUM_CONVERSION = YES;
				CLANG_WARN_INFINITE_RECURSION = YES;
				CLANG_WARN_INT_CONVERSION = YES;
				CLANG_WARN_NON_LITERAL_NULL_CONVERSION = YES;
				CLANG_WARN_OBJC_IMPLICIT_RETAIN_SELF = YES;
				CLANG_WARN_OBJC_LITERAL_CONVERSION = YES;
				CLANG_WARN_OBJC_ROOT_CLASS = YES_ERROR;
				CLANG_WARN_QUOTED_INCLUDE_IN_FRAMEWORK_HEADER = YES;
				CLANG_WARN_RANGE_LOOP_ANALYSIS = YES;
				CLANG_WARN_STRICT_PROTOTYPES = YES;
				CLANG_WARN_SUSPICIOUS_MOVE = YES;
				CLANG_WARN_UNGUARDED_AVAILABILITY = YES_AGGRESSIVE;
				CLANG_WARN_UNREACHABLE_CODE = YES;
				CLANG_WARN__DUPLICATE_METHOD_MATCH = YES;
				COPY_PHASE_STRIP = NO;
				DEBUG_INFORMATION_FORMAT = dwarf;
				ENABLE_STRICT_OBJC_MSGSEND = YES;
				ENABLE_TESTABILITY = YES;
				GCC_C_LANGUAGE_STANDARD = gnu11;
				GCC_DYNAMIC_NO_PIC = NO;
				GCC_NO_COMMON_BLOCKS = YES;
				GCC_OPTIMIZATION_LEVEL = 0;
				GCC_PREPROCESSOR_DEFINITIONS = (
					"DEBUG=1",
					"$(inherited)",
				);
				GCC_WARN_64_TO_32_BIT_CONVERSION = YES;
				GCC_WARN_ABOUT_RETURN_TYPE = YES_ERROR;
				GCC_WARN_UNDECLARED_SELECTOR = YES;
				GCC_WARN_UNINITIALIZED_AUTOS = YES_AGGRESSIVE;
				GCC_WARN_UNUSED_FUNCTION = YES;
				GCC_WARN_UNUSED_VARIABLE = YES;
				IPHONEOS_DEPLOYMENT_TARGET = 15.4;
				MTL_ENABLE_DEBUG_INFO = INCLUDE_SOURCE;
				MTL_FAST_MATH = YES;
				ONLY_ACTIVE_ARCH = YES;
				SDKROOT = iphoneos;
				SWIFT_ACTIVE_COMPILATION_CONDITIONS = DEBUG;
				SWIFT_OPTIMIZATION_LEVEL = "-Onone";
			};
			name = Debug;
		};
		C714BDE5280D046900DE6566 /* Release */ = {
			isa = XCBuildConfiguration;
			buildSettings = {
				ALWAYS_SEARCH_USER_PATHS = NO;
				CLANG_ANALYZER_NONNULL = YES;
				CLANG_ANALYZER_NUMBER_OBJECT_CONVERSION = YES_AGGRESSIVE;
				CLANG_CXX_LANGUAGE_STANDARD = "gnu++17";
				CLANG_ENABLE_MODULES = YES;
				CLANG_ENABLE_OBJC_ARC = YES;
				CLANG_ENABLE_OBJC_WEAK = YES;
				CLANG_WARN_BLOCK_CAPTURE_AUTORELEASING = YES;
				CLANG_WARN_BOOL_CONVERSION = YES;
				CLANG_WARN_COMMA = YES;
				CLANG_WARN_CONSTANT_CONVERSION = YES;
				CLANG_WARN_DEPRECATED_OBJC_IMPLEMENTATIONS = YES;
				CLANG_WARN_DIRECT_OBJC_ISA_USAGE = YES_ERROR;
				CLANG_WARN_DOCUMENTATION_COMMENTS = YES;
				CLANG_WARN_EMPTY_BODY = YES;
				CLANG_WARN_ENUM_CONVERSION = YES;
				CLANG_WARN_INFINITE_RECURSION = YES;
				CLANG_WARN_INT_CONVERSION = YES;
				CLANG_WARN_NON_LITERAL_NULL_CONVERSION = YES;
				CLANG_WARN_OBJC_IMPLICIT_RETAIN_SELF = YES;
				CLANG_WARN_OBJC_LITERAL_CONVERSION = YES;
				CLANG_WARN_OBJC_ROOT_CLASS = YES_ERROR;
				CLANG_WARN_QUOTED_INCLUDE_IN_FRAMEWORK_HEADER = YES;
				CLANG_WARN_RANGE_LOOP_ANALYSIS = YES;
				CLANG_WARN_STRICT_PROTOTYPES = YES;
				CLANG_WARN_SUSPICIOUS_MOVE = YES;
				CLANG_WARN_UNGUARDED_AVAILABILITY = YES_AGGRESSIVE;
				CLANG_WARN_UNREACHABLE_CODE = YES;
				CLANG_WARN__DUPLICATE_METHOD_MATCH = YES;
				COPY_PHASE_STRIP = NO;
				DEBUG_INFORMATION_FORMAT = "dwarf-with-dsym";
				ENABLE_NS_ASSERTIONS = NO;
				ENABLE_STRICT_OBJC_MSGSEND = YES;
				GCC_C_LANGUAGE_STANDARD = gnu11;
				GCC_NO_COMMON_BLOCKS = YES;
				GCC_WARN_64_TO_32_BIT_CONVERSION = YES;
				GCC_WARN_ABOUT_RETURN_TYPE = YES_ERROR;
				GCC_WARN_UNDECLARED_SELECTOR = YES;
				GCC_WARN_UNINITIALIZED_AUTOS = YES_AGGRESSIVE;
				GCC_WARN_UNUSED_FUNCTION = YES;
				GCC_WARN_UNUSED_VARIABLE = YES;
				IPHONEOS_DEPLOYMENT_TARGET = 15.4;
				MTL_ENABLE_DEBUG_INFO = NO;
				MTL_FAST_MATH = YES;
				SDKROOT = iphoneos;
				SWIFT_COMPILATION_MODE = wholemodule;
				SWIFT_OPTIMIZATION_LEVEL = "-O";
				VALIDATE_PRODUCT = YES;
			};
			name = Release;
		};
		C714BDE7280D046900DE6566 /* Debug */ = {
			isa = XCBuildConfiguration;
			buildSettings = {
				ASSETCATALOG_COMPILER_APPICON_NAME = AppIcon;
				ASSETCATALOG_COMPILER_GLOBAL_ACCENT_COLOR_NAME = AccentColor;
				CODE_SIGN_STYLE = Automatic;
				CURRENT_PROJECT_VERSION = 1;
				DEVELOPMENT_ASSET_PATHS = "\"Thoughts/Preview Content\"";
				ENABLE_PREVIEWS = YES;
				GENERATE_INFOPLIST_FILE = YES;
				INFOPLIST_KEY_UIApplicationSceneManifest_Generation = YES;
				INFOPLIST_KEY_UIApplicationSupportsIndirectInputEvents = YES;
				INFOPLIST_KEY_UILaunchScreen_Generation = YES;
				INFOPLIST_KEY_UISupportedInterfaceOrientations_iPad = "UIInterfaceOrientationPortrait UIInterfaceOrientationPortraitUpsideDown UIInterfaceOrientationLandscapeLeft UIInterfaceOrientationLandscapeRight";
				INFOPLIST_KEY_UISupportedInterfaceOrientations_iPhone = "UIInterfaceOrientationPortrait UIInterfaceOrientationLandscapeLeft UIInterfaceOrientationLandscapeRight";
				LD_RUNPATH_SEARCH_PATHS = (
					"$(inherited)",
					"@executable_path/Frameworks",
				);
				MARKETING_VERSION = 1.0;
				PRODUCT_BUNDLE_IDENTIFIER = com.kaloidissoftware.Thoughts;
				PRODUCT_NAME = "$(TARGET_NAME)";
				SWIFT_EMIT_LOC_STRINGS = YES;
				SWIFT_VERSION = 5.0;
				TARGETED_DEVICE_FAMILY = "1,2";
			};
			name = Debug;
		};
		C714BDE8280D046900DE6566 /* Release */ = {
			isa = XCBuildConfiguration;
			buildSettings = {
				ASSETCATALOG_COMPILER_APPICON_NAME = AppIcon;
				ASSETCATALOG_COMPILER_GLOBAL_ACCENT_COLOR_NAME = AccentColor;
				CODE_SIGN_STYLE = Automatic;
				CURRENT_PROJECT_VERSION = 1;
				DEVELOPMENT_ASSET_PATHS = "\"Thoughts/Preview Content\"";
				ENABLE_PREVIEWS = YES;
				GENERATE_INFOPLIST_FILE = YES;
				INFOPLIST_KEY_UIApplicationSceneManifest_Generation = YES;
				INFOPLIST_KEY_UIApplicationSupportsIndirectInputEvents = YES;
				INFOPLIST_KEY_UILaunchScreen_Generation = YES;
				INFOPLIST_KEY_UISupportedInterfaceOrientations_iPad = "UIInterfaceOrientationPortrait UIInterfaceOrientationPortraitUpsideDown UIInterfaceOrientationLandscapeLeft UIInterfaceOrientationLandscapeRight";
				INFOPLIST_KEY_UISupportedInterfaceOrientations_iPhone = "UIInterfaceOrientationPortrait UIInterfaceOrientationLandscapeLeft UIInterfaceOrientationLandscapeRight";
				LD_RUNPATH_SEARCH_PATHS = (
					"$(inherited)",
					"@executable_path/Frameworks",
				);
				MARKETING_VERSION = 1.0;
				PRODUCT_BUNDLE_IDENTIFIER = com.kaloidissoftware.Thoughts;
				PRODUCT_NAME = "$(TARGET_NAME)";
				SWIFT_EMIT_LOC_STRINGS = YES;
				SWIFT_VERSION = 5.0;
				TARGETED_DEVICE_FAMILY = "1,2";
			};
			name = Release;
		};
		C714BDEA280D046900DE6566 /* Debug */ = {
			isa = XCBuildConfiguration;
			buildSettings = {
				ALWAYS_EMBED_SWIFT_STANDARD_LIBRARIES = YES;
				BUNDLE_LOADER = "$(TEST_HOST)";
				CODE_SIGN_STYLE = Automatic;
				CURRENT_PROJECT_VERSION = 1;
				GENERATE_INFOPLIST_FILE = YES;
				IPHONEOS_DEPLOYMENT_TARGET = 15.4;
				MARKETING_VERSION = 1.0;
				PRODUCT_BUNDLE_IDENTIFIER = com.kaloidissoftware.ThoughtsTests;
				PRODUCT_NAME = "$(TARGET_NAME)";
				SWIFT_EMIT_LOC_STRINGS = NO;
				SWIFT_VERSION = 5.0;
				TARGETED_DEVICE_FAMILY = "1,2";
				TEST_HOST = "$(BUILT_PRODUCTS_DIR)/Thoughts.app/Thoughts";
			};
			name = Debug;
		};
		C714BDEB280D046900DE6566 /* Release */ = {
			isa = XCBuildConfiguration;
			buildSettings = {
				ALWAYS_EMBED_SWIFT_STANDARD_LIBRARIES = YES;
				BUNDLE_LOADER = "$(TEST_HOST)";
				CODE_SIGN_STYLE = Automatic;
				CURRENT_PROJECT_VERSION = 1;
				GENERATE_INFOPLIST_FILE = YES;
				IPHONEOS_DEPLOYMENT_TARGET = 15.4;
				MARKETING_VERSION = 1.0;
				PRODUCT_BUNDLE_IDENTIFIER = com.kaloidissoftware.ThoughtsTests;
				PRODUCT_NAME = "$(TARGET_NAME)";
				SWIFT_EMIT_LOC_STRINGS = NO;
				SWIFT_VERSION = 5.0;
				TARGETED_DEVICE_FAMILY = "1,2";
				TEST_HOST = "$(BUILT_PRODUCTS_DIR)/Thoughts.app/Thoughts";
			};
			name = Release;
		};
		C714BDED280D046900DE6566 /* Debug */ = {
			isa = XCBuildConfiguration;
			buildSettings = {
				ALWAYS_EMBED_SWIFT_STANDARD_LIBRARIES = YES;
				CODE_SIGN_STYLE = Automatic;
				CURRENT_PROJECT_VERSION = 1;
				GENERATE_INFOPLIST_FILE = YES;
				MARKETING_VERSION = 1.0;
				PRODUCT_BUNDLE_IDENTIFIER = com.kaloidissoftware.ThoughtsUITests;
				PRODUCT_NAME = "$(TARGET_NAME)";
				SWIFT_EMIT_LOC_STRINGS = NO;
				SWIFT_VERSION = 5.0;
				TARGETED_DEVICE_FAMILY = "1,2";
				TEST_TARGET_NAME = Thoughts;
			};
			name = Debug;
		};
		C714BDEE280D046900DE6566 /* Release */ = {
			isa = XCBuildConfiguration;
			buildSettings = {
				ALWAYS_EMBED_SWIFT_STANDARD_LIBRARIES = YES;
				CODE_SIGN_STYLE = Automatic;
				CURRENT_PROJECT_VERSION = 1;
				GENERATE_INFOPLIST_FILE = YES;
				MARKETING_VERSION = 1.0;
				PRODUCT_BUNDLE_IDENTIFIER = com.kaloidissoftware.ThoughtsUITests;
				PRODUCT_NAME = "$(TARGET_NAME)";
				SWIFT_EMIT_LOC_STRINGS = NO;
				SWIFT_VERSION = 5.0;
				TARGETED_DEVICE_FAMILY = "1,2";
				TEST_TARGET_NAME = Thoughts;
			};
			name = Release;
		};
/* End XCBuildConfiguration section */

/* Begin XCConfigurationList section */
		C714BDBD280D046600DE6566 /* Build configuration list for PBXProject "Thoughts" */ = {
			isa = XCConfigurationList;
			buildConfigurations = (
				C714BDE4280D046900DE6566 /* Debug */,
				C714BDE5280D046900DE6566 /* Release */,
			);
			defaultConfigurationIsVisible = 0;
			defaultConfigurationName = Release;
		};
		C714BDE6280D046900DE6566 /* Build configuration list for PBXNativeTarget "Thoughts" */ = {
			isa = XCConfigurationList;
			buildConfigurations = (
				C714BDE7280D046900DE6566 /* Debug */,
				C714BDE8280D046900DE6566 /* Release */,
			);
			defaultConfigurationIsVisible = 0;
			defaultConfigurationName = Release;
		};
		C714BDE9280D046900DE6566 /* Build configuration list for PBXNativeTarget "ThoughtsTests" */ = {
			isa = XCConfigurationList;
			buildConfigurations = (
				C714BDEA280D046900DE6566 /* Debug */,
				C714BDEB280D046900DE6566 /* Release */,
			);
			defaultConfigurationIsVisible = 0;
			defaultConfigurationName = Release;
		};
		C714BDEC280D046900DE6566 /* Build configuration list for PBXNativeTarget "ThoughtsUITests" */ = {
			isa = XCConfigurationList;
			buildConfigurations = (
				C714BDED280D046900DE6566 /* Debug */,
				C714BDEE280D046900DE6566 /* Release */,
			);
			defaultConfigurationIsVisible = 0;
			defaultConfigurationName = Release;
		};
/* End XCConfigurationList section */
	};
	rootObject = C714BDBA280D046600DE6566 /* Project object */;
}
